
Microsoft Visual Studio Solution File, Format Version 12.00
# Visual Studio Version 16
VisualStudioVersion = 16.0.30204.135
MinimumVisualStudioVersion = 10.0.40219.1
Project("{FAE04EC0-301F-11D3-BF4B-00C04F79EFBC}") = "rtGridAnimation", "rtGridAnimation\rtGridAnimation.csproj", "{F51F3237-6074-4C8E-B72A-34140E3B9412}"
EndProject
Project("{2150E333-8FDC-42A3-9474-1A3956D46DE8}") = "Solution Items", "Solution Items", "{54CFF22B-EF88-45B8-A314-D2242330346A}"
	ProjectSection(SolutionItems) = preProject
		ReadMe.txt = ReadMe.txt
	EndProjectSection
EndProject
Project("{9A19103F-16F7-4668-BE54-9A1E7A4F7556}") = "vmGridAnimation", "vmGridAnimation\vmGridAnimation.csproj", "{4758EB9A-977D-425D-9ECA-1D278FDE28C6}"
EndProject
Global
	GlobalSection(SolutionConfigurationPlatforms) = preSolution
		Debug|Any CPU = Debug|Any CPU
		Release|Any CPU = Release|Any CPU
	EndGlobalSection
	GlobalSection(ProjectConfigurationPlatforms) = postSolution
		{F51F3237-6074-4C8E-B72A-34140E3B9412}.Debug|Any CPU.ActiveCfg = Debug|Any CPU
		{F51F3237-6074-4C8E-B72A-34140E3B9412}.Debug|Any CPU.Build.0 = Debug|Any CPU
		{F51F3237-6074-4C8E-B72A-34140E3B9412}.Release|Any CPU.ActiveCfg = Release|Any CPU
		{F51F3237-6074-4C8E-B72A-34140E3B9412}.Release|Any CPU.Build.0 = Release|Any CPU
		{4758EB9A-977D-425D-9ECA-1D278FDE28C6}.Debug|Any CPU.ActiveCfg = Debug|Any CPU
		{4758EB9A-977D-425D-9ECA-1D278FDE28C6}.Debug|Any CPU.Build.0 = Debug|Any CPU
		{4758EB9A-977D-425D-9ECA-1D278FDE28C6}.Release|Any CPU.ActiveCfg = Release|Any CPU
		{4758EB9A-977D-425D-9ECA-1D278FDE28C6}.Release|Any CPU.Build.0 = Release|Any CPU
	EndGlobalSection
	GlobalSection(SolutionProperties) = preSolution
		HideSolutionNode = FALSE
	EndGlobalSection
	GlobalSection(ExtensibilityGlobals) = postSolution
		SolutionGuid = {F83C2CA6-7D41-42F8-9F10-62860C1D4ECB}
	EndGlobalSection
EndGlobal
